
Microsoft Visual Studio Solution File, Format Version 12.00
# Visual Studio Version 17
VisualStudioVersion = 17.6.33723.286
MinimumVisualStudioVersion = 10.0.40219.1
Project("{FAE04EC0-301F-11D3-BF4B-00C04F79EFBC}") = "ADO_DEMO", "ADO_DEMO\ADO_DEMO.csproj", "{7A37B254-F126-43E5-8DBE-98E7925EAD28}"
EndProject
Global
	GlobalSection(SolutionConfigurationPlatforms) = preSolution
		Debug|Any CPU = Debug|Any CPU
		Release|Any CPU = Release|Any CPU
	EndGlobalSection
	GlobalSection(ProjectConfigurationPlatforms) = postSolution
		{7A37B254-F126-43E5-8DBE-98E7925EAD28}.Debug|Any CPU.ActiveCfg = Debug|Any CPU
		{7A37B254-F126-43E5-8DBE-98E7925EAD28}.Debug|Any CPU.Build.0 = Debug|Any CPU
		{7A37B254-F126-43E5-8DBE-98E7925EAD28}.Release|Any CPU.ActiveCfg = Release|Any CPU
		{7A37B254-F126-43E5-8DBE-98E7925EAD28}.Release|Any CPU.Build.0 = Release|Any CPU
	EndGlobalSection
	GlobalSection(SolutionProperties) = preSolution
		HideSolutionNode = FALSE
	EndGlobalSection
	GlobalSection(ExtensibilityGlobals) = postSolution
		SolutionGuid = {6B933419-2933-48EE-9F75-E53CDA7D4283}
	EndGlobalSection
EndGlobal
